
Microsoft Visual Studio Solution File, Format Version 12.00
# Visual Studio Version 17
VisualStudioVersion = 17.5.33502.453
MinimumVisualStudioVersion = 10.0.40219.1
Project("{9A19103F-16F7-4668-BE54-9A1E7A4F7556}") = "Stardeck", "Stardeck.csproj", "{7CDB0645-26A1-4F18-A883-915C6936DB9D}"
EndProject
Project("{FAE04EC0-301F-11D3-BF4B-00C04F79EFBC}") = "StardeckTest", "..\StardeckTest\StardeckTest.csproj", "{B44771D5-71EE-4DF0-AB6B-2DC46B4E3316}"
EndProject
Global
	GlobalSection(SolutionConfigurationPlatforms) = preSolution
		Debug|Any CPU = Debug|Any CPU
		Release|Any CPU = Release|Any CPU
	EndGlobalSection
	GlobalSection(ProjectConfigurationPlatforms) = postSolution
		{7CDB0645-26A1-4F18-A883-915C6936DB9D}.Debug|Any CPU.ActiveCfg = Debug|Any CPU
		{7CDB0645-26A1-4F18-A883-915C6936DB9D}.Debug|Any CPU.Build.0 = Debug|Any CPU
		{7CDB0645-26A1-4F18-A883-915C6936DB9D}.Release|Any CPU.ActiveCfg = Release|Any CPU
		{7CDB0645-26A1-4F18-A883-915C6936DB9D}.Release|Any CPU.Build.0 = Release|Any CPU
		{B44771D5-71EE-4DF0-AB6B-2DC46B4E3316}.Debug|Any CPU.ActiveCfg = Debug|Any CPU
		{B44771D5-71EE-4DF0-AB6B-2DC46B4E3316}.Debug|Any CPU.Build.0 = Debug|Any CPU
		{B44771D5-71EE-4DF0-AB6B-2DC46B4E3316}.Release|Any CPU.ActiveCfg = Release|Any CPU
		{B44771D5-71EE-4DF0-AB6B-2DC46B4E3316}.Release|Any CPU.Build.0 = Release|Any CPU
	EndGlobalSection
	GlobalSection(SolutionProperties) = preSolution
		HideSolutionNode = FALSE
	EndGlobalSection
	GlobalSection(ExtensibilityGlobals) = postSolution
		SolutionGuid = {1C622150-1335-4DB6-AC09-38897BE2C306}
	EndGlobalSection
EndGlobal
